
Microsoft Visual Studio Solution File, Format Version 12.00
# Visual Studio 14
VisualStudioVersion = 14.0.25420.1
MinimumVisualStudioVersion = 10.0.40219.1
Project("{2150E333-8FDC-42A3-9474-1A3956D46DE8}") = "R-Type", "R-Type", "{38E137EA-E43F-4F76-BBD7-68ABFBB78FB3}"
EndProject
Project("{8BC9CEB8-8B4A-11D0-8D11-00A0C91BC942}") = "GUI", "GUI\GUI.vcxproj", "{1036405A-3876-4F9F-8906-95F09A7D18C5}"
	ProjectSection(ProjectDependencies) = postProject
		{8D3847F1-F79F-4473-A994-7A09DF9692FD} = {8D3847F1-F79F-4473-A994-7A09DF9692FD}
	EndProjectSection
EndProject
Project("{8BC9CEB8-8B4A-11D0-8D11-00A0C91BC942}") = "SaltyEngine", "SaltyEngine\SaltyEngine\SaltyEngine.vcxproj", "{8D3847F1-F79F-4473-A994-7A09DF9692FD}"
EndProject
Project("{8BC9CEB8-8B4A-11D0-8D11-00A0C91BC942}") = "Monster", "Monster\Monster.vcxproj", "{BCCE84AD-8B77-4FB8-BBC7-12F24AABBC08}"
	ProjectSection(ProjectDependencies) = postProject
		{8D3847F1-F79F-4473-A994-7A09DF9692FD} = {8D3847F1-F79F-4473-A994-7A09DF9692FD}
	EndProjectSection
EndProject
Project("{8BC9CEB8-8B4A-11D0-8D11-00A0C91BC942}") = "SpriteEditor", "SpriteEditor\SpriteEditor\SpriteEditor.vcxproj", "{4DBEB469-1371-44E9-8527-2F70EB35E838}"
	ProjectSection(ProjectDependencies) = postProject
		{8D3847F1-F79F-4473-A994-7A09DF9692FD} = {8D3847F1-F79F-4473-A994-7A09DF9692FD}
	EndProjectSection
EndProject
Project("{8BC9CEB8-8B4A-11D0-8D11-00A0C91BC942}") = "ClientLauncher", "ClientLauncher\ClientLauncher\ClientLauncher.vcxproj", "{D475EDC8-4425-4488-AF76-A90A66566167}"
	ProjectSection(ProjectDependencies) = postProject
		{8D3847F1-F79F-4473-A994-7A09DF9692FD} = {8D3847F1-F79F-4473-A994-7A09DF9692FD}
	EndProjectSection
EndProject
Global
	GlobalSection(SolutionConfigurationPlatforms) = preSolution
		Debug|x64 = Debug|x64
		Debug|x86 = Debug|x86
		Release|x64 = Release|x64
		Release|x86 = Release|x86
	EndGlobalSection
	GlobalSection(ProjectConfigurationPlatforms) = postSolution
		{1036405A-3876-4F9F-8906-95F09A7D18C5}.Debug|x64.ActiveCfg = Debug|x64
		{1036405A-3876-4F9F-8906-95F09A7D18C5}.Debug|x64.Build.0 = Debug|x64
		{1036405A-3876-4F9F-8906-95F09A7D18C5}.Debug|x86.ActiveCfg = Debug|Win32
		{1036405A-3876-4F9F-8906-95F09A7D18C5}.Debug|x86.Build.0 = Debug|Win32
		{1036405A-3876-4F9F-8906-95F09A7D18C5}.Release|x64.ActiveCfg = Release|x64
		{1036405A-3876-4F9F-8906-95F09A7D18C5}.Release|x64.Build.0 = Release|x64
		{1036405A-3876-4F9F-8906-95F09A7D18C5}.Release|x86.ActiveCfg = Release|Win32
		{1036405A-3876-4F9F-8906-95F09A7D18C5}.Release|x86.Build.0 = Release|Win32
		{8D3847F1-F79F-4473-A994-7A09DF9692FD}.Debug|x64.ActiveCfg = Debug|x64
		{8D3847F1-F79F-4473-A994-7A09DF9692FD}.Debug|x64.Build.0 = Debug|x64
		{8D3847F1-F79F-4473-A994-7A09DF9692FD}.Debug|x86.ActiveCfg = Debug|Win32
		{8D3847F1-F79F-4473-A994-7A09DF9692FD}.Debug|x86.Build.0 = Debug|Win32
		{8D3847F1-F79F-4473-A994-7A09DF9692FD}.Release|x64.ActiveCfg = Release|x64
		{8D3847F1-F79F-4473-A994-7A09DF9692FD}.Release|x64.Build.0 = Release|x64
		{8D3847F1-F79F-4473-A994-7A09DF9692FD}.Release|x86.ActiveCfg = Release|Win32
		{8D3847F1-F79F-4473-A994-7A09DF9692FD}.Release|x86.Build.0 = Release|Win32
		{BCCE84AD-8B77-4FB8-BBC7-12F24AABBC08}.Debug|x64.ActiveCfg = Debug|x64
		{BCCE84AD-8B77-4FB8-BBC7-12F24AABBC08}.Debug|x64.Build.0 = Debug|x64
		{BCCE84AD-8B77-4FB8-BBC7-12F24AABBC08}.Debug|x86.ActiveCfg = Debug|Win32
		{BCCE84AD-8B77-4FB8-BBC7-12F24AABBC08}.Debug|x86.Build.0 = Debug|Win32
		{BCCE84AD-8B77-4FB8-BBC7-12F24AABBC08}.Release|x64.ActiveCfg = Release|x64
		{BCCE84AD-8B77-4FB8-BBC7-12F24AABBC08}.Release|x64.Build.0 = Release|x64
		{BCCE84AD-8B77-4FB8-BBC7-12F24AABBC08}.Release|x86.ActiveCfg = Release|Win32
		{BCCE84AD-8B77-4FB8-BBC7-12F24AABBC08}.Release|x86.Build.0 = Release|Win32
		{4DBEB469-1371-44E9-8527-2F70EB35E838}.Debug|x64.ActiveCfg = Debug|x64
		{4DBEB469-1371-44E9-8527-2F70EB35E838}.Debug|x64.Build.0 = Debug|x64
		{4DBEB469-1371-44E9-8527-2F70EB35E838}.Debug|x86.ActiveCfg = Debug|Win32
		{4DBEB469-1371-44E9-8527-2F70EB35E838}.Debug|x86.Build.0 = Debug|Win32
		{4DBEB469-1371-44E9-8527-2F70EB35E838}.Release|x64.ActiveCfg = Release|x64
		{4DBEB469-1371-44E9-8527-2F70EB35E838}.Release|x64.Build.0 = Release|x64
		{4DBEB469-1371-44E9-8527-2F70EB35E838}.Release|x86.ActiveCfg = Release|Win32
		{4DBEB469-1371-44E9-8527-2F70EB35E838}.Release|x86.Build.0 = Release|Win32
		{D475EDC8-4425-4488-AF76-A90A66566167}.Debug|x64.ActiveCfg = Debug|x64
		{D475EDC8-4425-4488-AF76-A90A66566167}.Debug|x64.Build.0 = Debug|x64
		{D475EDC8-4425-4488-AF76-A90A66566167}.Debug|x86.ActiveCfg = Debug|Win32
		{D475EDC8-4425-4488-AF76-A90A66566167}.Debug|x86.Build.0 = Debug|Win32
		{D475EDC8-4425-4488-AF76-A90A66566167}.Release|x64.ActiveCfg = Release|x64
		{D475EDC8-4425-4488-AF76-A90A66566167}.Release|x64.Build.0 = Release|x64
		{D475EDC8-4425-4488-AF76-A90A66566167}.Release|x86.ActiveCfg = Release|Win32
		{D475EDC8-4425-4488-AF76-A90A66566167}.Release|x86.Build.0 = Release|Win32
	EndGlobalSection
	GlobalSection(SolutionProperties) = preSolution
		HideSolutionNode = FALSE
	EndGlobalSection
	GlobalSection(NestedProjects) = preSolution
		{1036405A-3876-4F9F-8906-95F09A7D18C5} = {38E137EA-E43F-4F76-BBD7-68ABFBB78FB3}
		{8D3847F1-F79F-4473-A994-7A09DF9692FD} = {38E137EA-E43F-4F76-BBD7-68ABFBB78FB3}
		{BCCE84AD-8B77-4FB8-BBC7-12F24AABBC08} = {38E137EA-E43F-4F76-BBD7-68ABFBB78FB3}
		{4DBEB469-1371-44E9-8527-2F70EB35E838} = {38E137EA-E43F-4F76-BBD7-68ABFBB78FB3}
		{D475EDC8-4425-4488-AF76-A90A66566167} = {38E137EA-E43F-4F76-BBD7-68ABFBB78FB3}
	EndGlobalSection
EndGlobal
