<?xml version="1.0" encoding="utf-8"?>
<Project ToolsVersion="4.0" xmlns="http://schemas.microsoft.com/developer/msbuild/2003">
  <ItemGroup>
    <Filter Include="Fichiers sources">
      <UniqueIdentifier>{4FC737F1-C7A5-4376-A066-2A32D752A2FF}</UniqueIdentifier>
      <Extensions>cpp;c;cc;cxx;def;odl;idl;hpj;bat;asm;asmx</Extensions>
    </Filter>
    <Filter Include="Fichiers d%27en-tête">
      <UniqueIdentifier>{93995380-89BD-4b04-88EB-625FBE52EBFB}</UniqueIdentifier>
      <Extensions>h;hh;hpp;hxx;hm;inl;inc;xsd</Extensions>
    </Filter>
    <Filter Include="Fichiers de ressources">
      <UniqueIdentifier>{67DA6AB6-F800-4c08-8B7A-83BB121AAD01}</UniqueIdentifier>
      <Extensions>rc;ico;cur;bmp;dlg;rc2;rct;bin;rgs;gif;jpg;jpeg;jpe;resx;tiff;tif;png;wav;mfcribbon-ms</Extensions>
    </Filter>
    <Filter Include="Fichiers sources\Monster">
      <UniqueIdentifier>{f7e8500a-4559-4d0d-ab42-db7877f1f3b3}</UniqueIdentifier>
    </Filter>
    <Filter Include="Fichiers d%27en-tête\Monster">
      <UniqueIdentifier>{23b34fc5-4e0c-47b6-9d07-2a24a45c3972}</UniqueIdentifier>
    </Filter>
    <Filter Include="Fichiers d%27en-tête\MissileMedusa">
      <UniqueIdentifier>{3c0906b5-98d6-4174-87fa-a4584d0c034a}</UniqueIdentifier>
    </Filter>
    <Filter Include="Fichiers sources\MissileMedusa">
      <UniqueIdentifier>{5839e571-3682-4967-bf20-cc99f12d45d3}</UniqueIdentifier>
    </Filter>
    <Filter Include="Fichiers d%27en-tête\Common">
      <UniqueIdentifier>{f6a04ac2-f64b-4475-aec5-28c5b202e687}</UniqueIdentifier>
    </Filter>
    <Filter Include="Fichiers d%27en-tête\Player">
      <UniqueIdentifier>{33b42456-034b-4338-a50a-3471ff8aeffd}</UniqueIdentifier>
    </Filter>
    <Filter Include="Fichiers sources\Player">
      <UniqueIdentifier>{32b5fcd5-420a-46b3-ad19-117c8a04b3ae}</UniqueIdentifier>
    </Filter>
  </ItemGroup>
  <ItemGroup>
    <ClInclude Include="Makefile" />
    <ClInclude Include="..\..\include\Monster\Monster.hpp">
      <Filter>Fichiers d%27en-tête\Monster</Filter>
    </ClInclude>
    <ClInclude Include="..\..\include\Monster\MonsterController.hpp">
      <Filter>Fichiers d%27en-tête\Monster</Filter>
    </ClInclude>
    <ClInclude Include="..\..\include\Missile\MissileMedusa\MissileMedusa.hpp">
      <Filter>Fichiers d%27en-tête\MissileMedusa</Filter>
    </ClInclude>
    <ClInclude Include="..\..\include\CommonPrefab\GenericController.hpp">
      <Filter>Fichiers d%27en-tête\Common</Filter>
    </ClInclude>
    <ClInclude Include="..\..\include\Missile\MissileController.hpp">
      <Filter>Fichiers d%27en-tête\Common</Filter>
    </ClInclude>
    <ClInclude Include="..\..\include\Player\Player.hpp">
      <Filter>Fichiers d%27en-tête\Player</Filter>
    </ClInclude>
    <ClInclude Include="..\..\include\Player\PlayerController.hpp">
      <Filter>Fichiers d%27en-tête\Player</Filter>
    </ClInclude>
  </ItemGroup>
  <ItemGroup>
    <ClCompile Include="..\..\src\Monster\Monster.cpp">
      <Filter>Fichiers sources\Monster</Filter>
    </ClCompile>
    <ClCompile Include="..\..\src\Missile\MissileMedusa\MissileMedusa.cpp">
      <Filter>Fichiers sources\MissileMedusa</Filter>
    </ClCompile>
    <ClCompile Include="..\..\src\Missile\MissileController.cpp">
      <Filter>Fichiers sources</Filter>
    </ClCompile>
    <ClCompile Include="..\..\src\Player\Player.cpp">
      <Filter>Fichiers sources\Player</Filter>
    </ClCompile>
    <ClCompile Include="..\..\src\Player\PlayerController.cpp">
      <Filter>Fichiers sources\Player</Filter>
    </ClCompile>
  </ItemGroup>
</Project>