<?xml version="1.0" encoding="utf-8"?>
<Project ToolsVersion="4.0" xmlns="http://schemas.microsoft.com/developer/msbuild/2003">
  <ItemGroup>
    <Filter Include="Fichiers sources">
      <UniqueIdentifier>{4FC737F1-C7A5-4376-A066-2A32D752A2FF}</UniqueIdentifier>
      <Extensions>cpp;c;cc;cxx;def;odl;idl;hpj;bat;asm;asmx</Extensions>
    </Filter>
    <Filter Include="Fichiers d%27en-tête">
      <UniqueIdentifier>{93995380-89BD-4b04-88EB-625FBE52EBFB}</UniqueIdentifier>
      <Extensions>h;hh;hpp;hxx;hm;inl;inc;xsd</Extensions>
    </Filter>
    <Filter Include="Fichiers de ressources">
      <UniqueIdentifier>{67DA6AB6-F800-4c08-8B7A-83BB121AAD01}</UniqueIdentifier>
      <Extensions>rc;ico;cur;bmp;dlg;rc2;rct;bin;rgs;gif;jpg;jpeg;jpe;resx;tiff;tif;png;wav;mfcribbon-ms</Extensions>
    </Filter>
    <Filter Include="Fichiers d%27en-tête\Common">
      <UniqueIdentifier>{df9f0995-626f-4f4b-ac4c-c109260ac1a7}</UniqueIdentifier>
    </Filter>
    <Filter Include="Fichiers d%27en-tête\SaltyEngine">
      <UniqueIdentifier>{325f8b4c-d8cc-41a0-8cef-2e7a725386ce}</UniqueIdentifier>
    </Filter>
    <Filter Include="Fichiers d%27en-tête\Input">
      <UniqueIdentifier>{2ab65409-1882-4ff1-8fe1-56618ab23afd}</UniqueIdentifier>
    </Filter>
  </ItemGroup>
  <ItemGroup>
    <ClCompile Include="..\..\..\src\SaltyEngine\main.cpp">
      <Filter>Fichiers sources</Filter>
    </ClCompile>
    <ClCompile Include="..\..\..\src\SaltyEngine\Scene.cpp">
      <Filter>Fichiers sources</Filter>
    </ClCompile>
    <ClCompile Include="..\..\..\src\SaltyEngine\Vector3.cpp">
      <Filter>Fichiers sources</Filter>
    </ClCompile>
    <ClCompile Include="..\..\..\src\SaltyEngine\Object.cpp">
      <Filter>Fichiers sources</Filter>
    </ClCompile>
    <ClCompile Include="..\..\..\src\SaltyEngine\SaltyBehaviour.cpp">
      <Filter>Fichiers sources</Filter>
    </ClCompile>
    <ClCompile Include="..\..\..\src\SaltyEngine\Component.cpp">
      <Filter>Fichiers sources</Filter>
    </ClCompile>
    <ClCompile Include="..\..\..\src\SaltyEngine\GameObject.cpp">
      <Filter>Fichiers sources</Filter>
    </ClCompile>
    <ClCompile Include="..\..\..\src\SaltyEngine\PlayerController.cpp">
      <Filter>Fichiers sources</Filter>
    </ClCompile>
    <ClCompile Include="..\..\..\src\SaltyEngine\SaltyEngine.cpp">
      <Filter>Fichiers sources</Filter>
    </ClCompile>
    <ClCompile Include="..\..\..\src\SaltyEngine\Behaviour.cpp">
      <Filter>Fichiers sources</Filter>
    </ClCompile>
    <ClCompile Include="..\..\..\src\SaltyEngine\Factory.cpp">
      <Filter>Fichiers sources</Filter>
    </ClCompile>
    <ClCompile Include="..\..\..\src\Common\DllLoader.cpp">
      <Filter>Fichiers sources</Filter>
    </ClCompile>
    <ClCompile Include="..\..\..\src\Monster\MonsterController.cpp">
      <Filter>Fichiers sources</Filter>
    </ClCompile>
    <ClCompile Include="..\..\..\src\SaltyEngine\SFML\EventManager.cpp">
      <Filter>Fichiers sources</Filter>
    </ClCompile>
    <ClCompile Include="..\..\..\src\SaltyEngine\Input\Action.cpp">
      <Filter>Fichiers sources</Filter>
    </ClCompile>
    <ClCompile Include="..\..\..\src\SaltyEngine\Input\Axis.cpp">
      <Filter>Fichiers sources</Filter>
    </ClCompile>
    <ClCompile Include="..\..\..\src\SaltyEngine\Input\Mapping.cpp">
      <Filter>Fichiers sources</Filter>
    </ClCompile>
  </ItemGroup>
  <ItemGroup>
    <ClInclude Include="..\..\..\include\Common\Singleton.hpp">
      <Filter>Fichiers d%27en-tête\Common</Filter>
    </ClInclude>
    <ClInclude Include="..\..\..\include\SaltyEngine\Component.hpp">
      <Filter>Fichiers d%27en-tête\SaltyEngine</Filter>
    </ClInclude>
    <ClInclude Include="..\..\..\include\SaltyEngine\Coroutine.hpp">
      <Filter>Fichiers d%27en-tête\SaltyEngine</Filter>
    </ClInclude>
    <ClInclude Include="..\..\..\include\SaltyEngine\GameObject.hpp">
      <Filter>Fichiers d%27en-tête\SaltyEngine</Filter>
    </ClInclude>
    <ClInclude Include="..\..\..\include\SaltyEngine\Object.hpp">
      <Filter>Fichiers d%27en-tête\SaltyEngine</Filter>
    </ClInclude>
    <ClInclude Include="..\..\..\include\SaltyEngine\SaltyBehaviour.hpp">
      <Filter>Fichiers d%27en-tête\SaltyEngine</Filter>
    </ClInclude>
    <ClInclude Include="..\..\..\include\SaltyEngine\SaltyObj.hpp">
      <Filter>Fichiers d%27en-tête\SaltyEngine</Filter>
    </ClInclude>
    <ClInclude Include="..\..\..\include\SaltyEngine\SaltyReflection.hpp">
      <Filter>Fichiers d%27en-tête\SaltyEngine</Filter>
    </ClInclude>
    <ClInclude Include="..\..\..\include\SaltyEngine\Scene.hpp">
      <Filter>Fichiers d%27en-tête\SaltyEngine</Filter>
    </ClInclude>
    <ClInclude Include="..\..\..\include\SaltyEngine\Tag.conf">
      <Filter>Fichiers d%27en-tête\SaltyEngine</Filter>
    </ClInclude>
    <ClInclude Include="..\..\..\include\SaltyEngine\Transform.hpp">
      <Filter>Fichiers d%27en-tête\SaltyEngine</Filter>
    </ClInclude>
    <ClInclude Include="..\..\..\include\SaltyEngine\Vector2.hpp">
      <Filter>Fichiers d%27en-tête\SaltyEngine</Filter>
    </ClInclude>
    <ClInclude Include="..\..\..\include\SaltyEngine\Vector3.hpp">
      <Filter>Fichiers d%27en-tête\SaltyEngine</Filter>
    </ClInclude>
    <ClInclude Include="..\..\..\include\SaltyEngine\Behaviour.hpp">
      <Filter>Fichiers d%27en-tête\SaltyEngine</Filter>
    </ClInclude>
    <ClInclude Include="..\..\..\include\SaltyEngine\PlayerController.hpp">
      <Filter>Fichiers d%27en-tête</Filter>
    </ClInclude>
    <ClInclude Include="..\..\..\include\SaltyEngine\SaltyEngine.hpp">
      <Filter>Fichiers d%27en-tête\SaltyEngine</Filter>
    </ClInclude>
    <ClInclude Include="resource.h">
      <Filter>Fichiers d%27en-tête</Filter>
    </ClInclude>
    <ClInclude Include="..\..\..\include\Common\ICloneable.hpp">
      <Filter>Fichiers d%27en-tête\Common</Filter>
    </ClInclude>
    <ClInclude Include="..\..\..\include\SaltyEngine\Factory.hpp">
      <Filter>Fichiers d%27en-tête\SaltyEngine</Filter>
    </ClInclude>
    <ClInclude Include="..\..\..\include\Common\ILibraryLoader.hpp">
      <Filter>Fichiers d%27en-tête\Common</Filter>
    </ClInclude>
    <ClInclude Include="..\..\..\include\Common\DllLoader.hpp">
      <Filter>Fichiers d%27en-tête</Filter>
    </ClInclude>
    <ClInclude Include="..\..\..\include\SaltyEngine\DefaultRenderer.hpp">
      <Filter>Fichiers d%27en-tête\SaltyEngine</Filter>
    </ClInclude>
    <ClInclude Include="..\..\..\include\SaltyEngine\IRenderer.hpp">
      <Filter>Fichiers d%27en-tête\SaltyEngine</Filter>
    </ClInclude>
    <ClInclude Include="..\..\..\include\SaltyEngine\IRect.hpp">
      <Filter>Fichiers d%27en-tête\SaltyEngine</Filter>
    </ClInclude>
    <ClInclude Include="..\..\..\include\SaltyEngine\Sprite.hpp">
      <Filter>Fichiers d%27en-tête\SaltyEngine</Filter>
    </ClInclude>
    <ClInclude Include="..\..\..\include\SaltyEngine\Texture.hpp">
      <Filter>Fichiers d%27en-tête\SaltyEngine</Filter>
    </ClInclude>
    <ClInclude Include="..\..\..\include\SaltyEngine\ASpriteRenderer.hpp">
      <Filter>Fichiers d%27en-tête\SaltyEngine</Filter>
    </ClInclude>
    <ClInclude Include="..\..\..\include\SaltyEngine\Config.hpp">
      <Filter>Fichiers d%27en-tête\SaltyEngine</Filter>
    </ClInclude>
    <ClInclude Include="..\..\..\include\SaltyEngine\IWindow.hpp">
      <Filter>Fichiers d%27en-tête\SaltyEngine</Filter>
    </ClInclude>
    <ClInclude Include="..\..\..\include\SaltyEngine\Engine.hpp">
      <Filter>Fichiers d%27en-tête\SaltyEngine</Filter>
    </ClInclude>
    <ClInclude Include="..\..\..\include\SaltyEngine\Graphics.hpp">
      <Filter>Fichiers d%27en-tête\SaltyEngine</Filter>
    </ClInclude>
    <ClInclude Include="..\..\..\include\SaltyEngine\Input\Action.hpp">
      <Filter>Fichiers d%27en-tête\Input</Filter>
    </ClInclude>
    <ClInclude Include="..\..\..\include\SaltyEngine\Input\Axis.hpp">
      <Filter>Fichiers d%27en-tête\Input</Filter>
    </ClInclude>
    <ClInclude Include="..\..\..\include\SaltyEngine\Input\DefaultEventManager.hpp">
      <Filter>Fichiers d%27en-tête\Input</Filter>
    </ClInclude>
    <ClInclude Include="..\..\..\include\SaltyEngine\Input\IEventManager.hpp">
      <Filter>Fichiers d%27en-tête\Input</Filter>
    </ClInclude>
    <ClInclude Include="..\..\..\include\SaltyEngine\Input\InputManager.hpp">
      <Filter>Fichiers d%27en-tête\Input</Filter>
    </ClInclude>
    <ClInclude Include="..\..\..\include\SaltyEngine\Input\KeyCodes.hpp">
      <Filter>Fichiers d%27en-tête\Input</Filter>
    </ClInclude>
    <ClInclude Include="..\..\..\include\SaltyEngine\Input\Mapping.hpp">
      <Filter>Fichiers d%27en-tête\Input</Filter>
    </ClInclude>
    <ClInclude Include="..\..\..\include\Common\MakeUnique.hpp">
      <Filter>Fichiers d%27en-tête\Common</Filter>
    </ClInclude>
  </ItemGroup>
  <ItemGroup>
    <None Include="..\..\..\include\SaltyEngine\defaultReflection.inl">
      <Filter>Fichiers d%27en-tête\SaltyEngine</Filter>
    </None>
    <None Include="..\..\..\include\SaltyEngine\Saltyreflection.inl">
      <Filter>Fichiers d%27en-tête\SaltyEngine</Filter>
    </None>
    <None Include="..\..\..\include\SaltyEngine\Prefabs.conf">
      <Filter>Fichiers d%27en-tête\SaltyEngine</Filter>
    </None>
    <None Include="..\..\..\include\SaltyEngine\Layout.conf">
      <Filter>Fichiers d%27en-tête\SaltyEngine</Filter>
    </None>
    <None Include="..\..\..\include\SaltyEngine\Input\KeyCodesString.inl">
      <Filter>Fichiers d%27en-tête\Input</Filter>
    </None>
  </ItemGroup>
  <ItemGroup>
    <ResourceCompile Include="SaltyEngine.rc">
      <Filter>Fichiers de ressources</Filter>
    </ResourceCompile>
  </ItemGroup>
</Project>